
Microsoft Visual Studio Solution File, Format Version 12.00
# Visual Studio Version 16
VisualStudioVersion = 16.0.29519.87
MinimumVisualStudioVersion = 10.0.40219.1
Project("{FAE04EC0-301F-11D3-BF4B-00C04F79EFBC}") = "MarketSatisTakipProgrami", "MarketSatisTakipProgrami\MarketSatisTakipProgrami.csproj", "{B4EAEA94-7C37-4251-8E1F-616145D5B0CA}"
EndProject
Global
	GlobalSection(SolutionConfigurationPlatforms) = preSolution
		Debug|Any CPU = Debug|Any CPU
		Release|Any CPU = Release|Any CPU
	EndGlobalSection
	GlobalSection(ProjectConfigurationPlatforms) = postSolution
		{B4EAEA94-7C37-4251-8E1F-616145D5B0CA}.Debug|Any CPU.ActiveCfg = Debug|Any CPU
		{B4EAEA94-7C37-4251-8E1F-616145D5B0CA}.Debug|Any CPU.Build.0 = Debug|Any CPU
		{B4EAEA94-7C37-4251-8E1F-616145D5B0CA}.Release|Any CPU.ActiveCfg = Release|Any CPU
		{B4EAEA94-7C37-4251-8E1F-616145D5B0CA}.Release|Any CPU.Build.0 = Release|Any CPU
	EndGlobalSection
	GlobalSection(SolutionProperties) = preSolution
		HideSolutionNode = FALSE
	EndGlobalSection
	GlobalSection(ExtensibilityGlobals) = postSolution
		SolutionGuid = {35E84AC8-BFF8-46D1-9601-9E95C7330250}
	EndGlobalSection
EndGlobal
